# THIS IS AN AUTOGENERATED FILE. DO NOT EDIT THIS FILE DIRECTLY.
# yarn lockfile v1


"@babel/runtime@^7.20.6":
  version "7.22.11"
  resolved "https://registry.npmjs.org/@babel/runtime/-/runtime-7.22.11.tgz"
  integrity sha512-ee7jVNlWN09+KftVOu9n7S8gQzD/Z6hN/I8VBRXW4P1+Xe7kJGXMwu8vds4aGIMHZnNbdpSWCfZZtinytpcAvA==
  dependencies:
    regenerator-runtime "^0.14.0"

"@esbuild/win32-x64@0.18.20":
  version "0.18.20"
  resolved "https://registry.npmjs.org/@esbuild/win32-x64/-/win32-x64-0.18.20.tgz"
  integrity sha512-kTdfRcSiDfQca/y9QIkng02avJ+NCaQvrMejlsB3RRv5sE9rRoeBPISaZpKxHELzRxZyLvNts1P27W3wV+8geQ==

"@types/p5@^1.4.3":
  version "1.4.3"
  resolved "https://registry.npmjs.org/@types/p5/-/p5-1.4.3.tgz"
  integrity sha512-UjgBi1/VU0Dz1/JxzRZrDKlC54rMELWW+6oHx1pRKzKkVgwzvP+dEjZ1JbeMjK12VJMUjDx4lhGUmnUL2jBASQ==

"@types/webmidi@^2.0.7":
  version "2.0.7"
  resolved "https://registry.npmjs.org/@types/webmidi/-/webmidi-2.0.7.tgz"
  integrity sha512-BMVefNAum/swSmQJdTbRWBuDPeWT7fHAZEzmtY6eBl1ObvkWVzh39VvAFC8v9n7Y5XoOpWmeYzyUUVfmpq3ggQ==

djipevents@^2.0.7:
  version "2.0.7"
  resolved "https://registry.npmjs.org/djipevents/-/djipevents-2.0.7.tgz"
  integrity sha512-KNFYaU85imxOCKOUsIR70Iz9E19r96/X7LSH+u0tSoZdpWcBdzoqtTsU+wuLhc6GMpSFob+KInkZAbfKi01Bjg==
  dependencies:
    "@babel/runtime" "^7.20.6"

esbuild@^0.18.10:
  version "0.18.20"
  resolved "https://registry.npmjs.org/esbuild/-/esbuild-0.18.20.tgz"
  integrity sha512-ceqxoedUrcayh7Y7ZX6NdbbDzGROiyVBgC4PriJThBKSVPWnnFHZAkfI1lJT8QFkOwH4qOS2SJkS4wvpGl8BpA==
  optionalDependencies:
    "@esbuild/android-arm" "0.18.20"
    "@esbuild/android-arm64" "0.18.20"
    "@esbuild/android-x64" "0.18.20"
    "@esbuild/darwin-arm64" "0.18.20"
    "@esbuild/darwin-x64" "0.18.20"
    "@esbuild/freebsd-arm64" "0.18.20"
    "@esbuild/freebsd-x64" "0.18.20"
    "@esbuild/linux-arm" "0.18.20"
    "@esbuild/linux-arm64" "0.18.20"
    "@esbuild/linux-ia32" "0.18.20"
    "@esbuild/linux-loong64" "0.18.20"
    "@esbuild/linux-mips64el" "0.18.20"
    "@esbuild/linux-ppc64" "0.18.20"
    "@esbuild/linux-riscv64" "0.18.20"
    "@esbuild/linux-s390x" "0.18.20"
    "@esbuild/linux-x64" "0.18.20"
    "@esbuild/netbsd-x64" "0.18.20"
    "@esbuild/openbsd-x64" "0.18.20"
    "@esbuild/sunos-x64" "0.18.20"
    "@esbuild/win32-arm64" "0.18.20"
    "@esbuild/win32-ia32" "0.18.20"
    "@esbuild/win32-x64" "0.18.20"

h264-mp4-encoder@^1.0.12:
  version "1.0.12"
  resolved "https://registry.npmjs.org/h264-mp4-encoder/-/h264-mp4-encoder-1.0.12.tgz"
  integrity sha512-xih3J+Go0o1RqGjhOt6TwXLWWGqLONRPyS8yoMu/RoS/S8WyEv4HuHp1KBsDDl8srZQ3gw9f95JYkCSjCuZbHQ==

jazz-midi@^1.7.9:
  version "1.7.9"
  resolved "https://registry.npmjs.org/jazz-midi/-/jazz-midi-1.7.9.tgz"
  integrity sha512-c8c4BBgwxdsIr1iVm53nadCrtH7BUlnX3V95ciK/gbvXN/ndE5+POskBalXgqlc/r9p2XUbdLTrgrC6fou5p9w==

jzz@^1.5.6:
  version "1.6.7"
  resolved "https://registry.npmjs.org/jzz/-/jzz-1.6.7.tgz"
  integrity sha512-q7gCHxlGjMYVGwt5tjavhwPyPoKyF/3vxt6ReGPhHsPA+TmdSfvXFcOh9y3wjWQmkt5GjplwUKJOB0wqJUeirQ==
  dependencies:
    "@types/webmidi" "^2.0.7"
    jazz-midi "^1.7.9"

nanoid@^3.3.6:
  version "3.3.6"
  resolved "https://registry.npmjs.org/nanoid/-/nanoid-3.3.6.tgz"
  integrity sha512-BGcqMMJuToF7i1rt+2PWSNVnWIkGCU78jBG3RxO/bZlnZPK2Cmi2QaffxGO/2RvWi9sL+FAiRiXMgsyxQ1DIDA==

picocolors@^1.0.0:
  version "1.0.0"
  resolved "https://registry.npmjs.org/picocolors/-/picocolors-1.0.0.tgz"
  integrity sha512-1fygroTLlHu66zi26VoTDv8yRgm0Fccecssto+MhsZ0D/DGW2sm8E8AjW7NU5VVTRt5GxbeZ5qBuJr+HyLYkjQ==

postcss@^8.4.27:
  version "8.4.28"
  resolved "https://registry.npmjs.org/postcss/-/postcss-8.4.28.tgz"
  integrity sha512-Z7V5j0cq8oEKyejIKfpD8b4eBy9cwW2JWPk0+fB1HOAMsfHbnAXLLS+PfVWlzMSLQaWttKDt607I0XHmpE67Vw==
  dependencies:
    nanoid "^3.3.6"
    picocolors "^1.0.0"
    source-map-js "^1.0.2"

regenerator-runtime@^0.14.0:
  version "0.14.0"
  resolved "https://registry.npmjs.org/regenerator-runtime/-/regenerator-runtime-0.14.0.tgz"
  integrity sha512-srw17NI0TUWHuGa5CFGGmhfNIeja30WMBfbslPNhf6JrqQlLN5gcrvig1oqPxiVaXb0oW0XRKtH6Nngs5lKCIA==

rollup@^3.27.1:
  version "3.28.1"
  resolved "https://registry.npmjs.org/rollup/-/rollup-3.28.1.tgz"
  integrity sha512-R9OMQmIHJm9znrU3m3cpE8uhN0fGdXiawME7aZIpQqvpS/85+Vt1Hq1/yVIcYfOmaQiHjvXkQAoJukvLpau6Yw==
  optionalDependencies:
    fsevents "~2.3.2"

source-map-js@^1.0.2:
  version "1.0.2"
  resolved "https://registry.npmjs.org/source-map-js/-/source-map-js-1.0.2.tgz"
  integrity sha512-R0XvVJ9WusLiqTCEiGCmICCMplcCkIwwR11mOSD9CR5u+IXYdiseeEuXCVAjS54zqwkLcPNnmU4OeJ6tUrWhDw==

typescript@^4.9.3:
  version "4.9.4"
  resolved "https://registry.npmjs.org/typescript/-/typescript-4.9.4.tgz"
  integrity sha512-Uz+dTXYzxXXbsFpM86Wh3dKCxrQqUcVMxwU54orwlJjOpO3ao8L7j5lH+dWfTwgCwIuM9GQ2kvVotzYJMXTBZg==

vite@^4.0.0:
  version "4.4.9"
  resolved "https://registry.npmjs.org/vite/-/vite-4.4.9.tgz"
  integrity sha512-2mbUn2LlUmNASWwSCNSJ/EG2HuSRTnVNaydp6vMCm5VIqJsjMfbIWtbH2kDuwUVW5mMUKKZvGPX/rqeqVvv1XA==
  dependencies:
    esbuild "^0.18.10"
    postcss "^8.4.27"
    rollup "^3.27.1"
  optionalDependencies:
    fsevents "~2.3.2"

webmidi@^3.1.6:
  version "3.1.6"
  resolved "https://registry.npmjs.org/webmidi/-/webmidi-3.1.6.tgz"
  integrity sha512-IeC7dsm9bupL7Z6PZxVGAbcrguclJ0VAxn3+7UjoZazZWKEwwnq3/ToDbHQdWzOOLwat4fYjp978X1Rd3SQ8Qg==
  dependencies:
    djipevents "^2.0.7"
  optionalDependencies:
    jzz "^1.5.6"
