{
  "name": "utils",
  "version": "1.0.0",
  "lockfileVersion": 2,
  "requires": true,
  "packages": {
    "": {
      "name": "utils",
      "version": "1.0.0",
      "license": "ISC",
      "dependencies": {
        "h264-mp4-encoder": "^1.0.12"
      }
    },
    "node_modules/h264-mp4-encoder": {
      "version": "1.0.12",
      "resolved": "https://registry.npmjs.org/h264-mp4-encoder/-/h264-mp4-encoder-1.0.12.tgz",
      "integrity": "sha512-xih3J+Go0o1RqGjhOt6TwXLWWGqLONRPyS8yoMu/RoS/S8WyEv4HuHp1KBsDDl8srZQ3gw9f95JYkCSjCuZbHQ=="
    }
  },
  "dependencies": {
    "h264-mp4-encoder": {
      "version": "1.0.12",
      "resolved": "https://registry.npmjs.org/h264-mp4-encoder/-/h264-mp4-encoder-1.0.12.tgz",
      "integrity": "sha512-xih3J+Go0o1RqGjhOt6TwXLWWGqLONRPyS8yoMu/RoS/S8WyEv4HuHp1KBsDDl8srZQ3gw9f95JYkCSjCuZbHQ=="
    }
  }
}
